
Microsoft Visual Studio Solution File, Format Version 12.00
# Visual Studio Version 17
VisualStudioVersion = 17.2.32602.215
MinimumVisualStudioVersion = 10.0.40219.1
Project("{8BC9CEB8-8B4A-11D0-8D11-00A0C91BC942}") = "Game-Zmeika", "Game-Zmeika\Game-Zmeika.vcxproj", "{86314939-EEA4-4514-8B57-F954BD5E2870}"
EndProject
Global
	GlobalSection(SolutionConfigurationPlatforms) = preSolution
		Debug|x64 = Debug|x64
		Debug|x86 = Debug|x86
		Release|x64 = Release|x64
		Release|x86 = Release|x86
	EndGlobalSection
	GlobalSection(ProjectConfigurationPlatforms) = postSolution
		{86314939-EEA4-4514-8B57-F954BD5E2870}.Debug|x64.ActiveCfg = Debug|x64
		{86314939-EEA4-4514-8B57-F954BD5E2870}.Debug|x64.Build.0 = Debug|x64
		{86314939-EEA4-4514-8B57-F954BD5E2870}.Debug|x86.ActiveCfg = Debug|Win32
		{86314939-EEA4-4514-8B57-F954BD5E2870}.Debug|x86.Build.0 = Debug|Win32
		{86314939-EEA4-4514-8B57-F954BD5E2870}.Release|x64.ActiveCfg = Release|x64
		{86314939-EEA4-4514-8B57-F954BD5E2870}.Release|x64.Build.0 = Release|x64
		{86314939-EEA4-4514-8B57-F954BD5E2870}.Release|x86.ActiveCfg = Release|Win32
		{86314939-EEA4-4514-8B57-F954BD5E2870}.Release|x86.Build.0 = Release|Win32
	EndGlobalSection
	GlobalSection(SolutionProperties) = preSolution
		HideSolutionNode = FALSE
	EndGlobalSection
	GlobalSection(ExtensibilityGlobals) = postSolution
		SolutionGuid = {DEB197D6-5F8C-4BBB-831B-E7D8B2B1B59F}
	EndGlobalSection
EndGlobal
