
Microsoft Visual Studio Solution File, Format Version 12.00
# Visual Studio Version 17
VisualStudioVersion = 17.2.32602.215
MinimumVisualStudioVersion = 10.0.40219.1
Project("{8BC9CEB8-8B4A-11D0-8D11-00A0C91BC942}") = "WQR", "WQR\WQR.vcxproj", "{E3678723-3D44-4E42-B8F6-60EC21CCE7FD}"
EndProject
Global
	GlobalSection(SolutionConfigurationPlatforms) = preSolution
		Debug|x64 = Debug|x64
		Debug|x86 = Debug|x86
		Release|x64 = Release|x64
		Release|x86 = Release|x86
	EndGlobalSection
	GlobalSection(ProjectConfigurationPlatforms) = postSolution
		{E3678723-3D44-4E42-B8F6-60EC21CCE7FD}.Debug|x64.ActiveCfg = Debug|x64
		{E3678723-3D44-4E42-B8F6-60EC21CCE7FD}.Debug|x64.Build.0 = Debug|x64
		{E3678723-3D44-4E42-B8F6-60EC21CCE7FD}.Debug|x86.ActiveCfg = Debug|Win32
		{E3678723-3D44-4E42-B8F6-60EC21CCE7FD}.Debug|x86.Build.0 = Debug|Win32
		{E3678723-3D44-4E42-B8F6-60EC21CCE7FD}.Release|x64.ActiveCfg = Release|x64
		{E3678723-3D44-4E42-B8F6-60EC21CCE7FD}.Release|x64.Build.0 = Release|x64
		{E3678723-3D44-4E42-B8F6-60EC21CCE7FD}.Release|x86.ActiveCfg = Release|Win32
		{E3678723-3D44-4E42-B8F6-60EC21CCE7FD}.Release|x86.Build.0 = Release|Win32
	EndGlobalSection
	GlobalSection(SolutionProperties) = preSolution
		HideSolutionNode = FALSE
	EndGlobalSection
	GlobalSection(ExtensibilityGlobals) = postSolution
		SolutionGuid = {6D2D70E2-ABEB-4F81-8D11-1C00952974F1}
	EndGlobalSection
EndGlobal
